
Microsoft Visual Studio Solution File, Format Version 12.00
# Visual Studio Version 16
VisualStudioVersion = 16.0.30011.22
MinimumVisualStudioVersion = 10.0.40219.1
Project("{FAE04EC0-301F-11D3-BF4B-00C04F79EFBC}") = "SystemtestningtentamenApplication", "..\SystemtestningtentamenApplication\SystemtestningtentamenApplication.csproj", "{01957CC2-DB62-4C5A-AB3B-287332C1D205}"
EndProject
Project("{FAE04EC0-301F-11D3-BF4B-00C04F79EFBC}") = "SystemtestningtentamenClassLibrary", "..\SystemtestningtentamenClassLibrary\SystemtestningtentamenClassLibrary.csproj", "{CF443BC5-2222-4489-B3D9-2B242EC325AB}"
EndProject
Project("{FAE04EC0-301F-11D3-BF4B-00C04F79EFBC}") = "SystemtestningtentamenUnitTest", "..\SystemtestningtentamenUnitTest\SystemtestningtentamenUnitTest.csproj", "{B95F09AD-87DB-47DB-AB30-A1C232B817F0}"
EndProject
Global
	GlobalSection(SolutionConfigurationPlatforms) = preSolution
		Debug|Any CPU = Debug|Any CPU
		Release|Any CPU = Release|Any CPU
	EndGlobalSection
	GlobalSection(ProjectConfigurationPlatforms) = postSolution
		{01957CC2-DB62-4C5A-AB3B-287332C1D205}.Debug|Any CPU.ActiveCfg = Debug|Any CPU
		{01957CC2-DB62-4C5A-AB3B-287332C1D205}.Debug|Any CPU.Build.0 = Debug|Any CPU
		{01957CC2-DB62-4C5A-AB3B-287332C1D205}.Release|Any CPU.ActiveCfg = Release|Any CPU
		{01957CC2-DB62-4C5A-AB3B-287332C1D205}.Release|Any CPU.Build.0 = Release|Any CPU
		{CF443BC5-2222-4489-B3D9-2B242EC325AB}.Debug|Any CPU.ActiveCfg = Debug|Any CPU
		{CF443BC5-2222-4489-B3D9-2B242EC325AB}.Debug|Any CPU.Build.0 = Debug|Any CPU
		{CF443BC5-2222-4489-B3D9-2B242EC325AB}.Release|Any CPU.ActiveCfg = Release|Any CPU
		{CF443BC5-2222-4489-B3D9-2B242EC325AB}.Release|Any CPU.Build.0 = Release|Any CPU
		{B95F09AD-87DB-47DB-AB30-A1C232B817F0}.Debug|Any CPU.ActiveCfg = Debug|Any CPU
		{B95F09AD-87DB-47DB-AB30-A1C232B817F0}.Debug|Any CPU.Build.0 = Debug|Any CPU
		{B95F09AD-87DB-47DB-AB30-A1C232B817F0}.Release|Any CPU.ActiveCfg = Release|Any CPU
		{B95F09AD-87DB-47DB-AB30-A1C232B817F0}.Release|Any CPU.Build.0 = Release|Any CPU
	EndGlobalSection
	GlobalSection(SolutionProperties) = preSolution
		HideSolutionNode = FALSE
	EndGlobalSection
	GlobalSection(ExtensibilityGlobals) = postSolution
		SolutionGuid = {2F958B3C-FAB3-4E79-8E72-804FC78DFBF1}
	EndGlobalSection
EndGlobal
